Microsoft Visual Studio Solution File, Format Version 12.00
# Visual Studio Version 17
VisualStudioVersion = 17.5.2.0
MinimumVisualStudioVersion = 10.0.40219.1
Project("{FAE04EC0-301F-11D3-BF4B-00C04F79EFBC}") = "lab2v6", "lab2v6\lab2v6.csproj", "{DC56BCAA-0902-41CC-1182-5B1C64028693}"
EndProject
Global
	GlobalSection(SolutionConfigurationPlatforms) = preSolution
		Debug|Any CPU = Debug|Any CPU
		Release|Any CPU = Release|Any CPU
	EndGlobalSection
	GlobalSection(ProjectConfigurationPlatforms) = postSolution
		{DC56BCAA-0902-41CC-1182-5B1C64028693}.Debug|Any CPU.ActiveCfg = Debug|Any CPU
		{DC56BCAA-0902-41CC-1182-5B1C64028693}.Debug|Any CPU.Build.0 = Debug|Any CPU
		{DC56BCAA-0902-41CC-1182-5B1C64028693}.Release|Any CPU.ActiveCfg = Release|Any CPU
		{DC56BCAA-0902-41CC-1182-5B1C64028693}.Release|Any CPU.Build.0 = Release|Any CPU
	EndGlobalSection
	GlobalSection(SolutionProperties) = preSolution
		HideSolutionNode = FALSE
	EndGlobalSection
	GlobalSection(ExtensibilityGlobals) = postSolution
		SolutionGuid = {C74A4954-58A7-424A-BD16-6CA3B0A56E09}
	EndGlobalSection
EndGlobal
